// !$*UTF8*$!
{
	archiveVersion = 1;
	classes = {
	};
	objectVersion = 48;
	objects = {

/* Begin PBXBuildFile section */
		1B3DF15B0E14596F7B2B46C5 /* Pods_Flix_Assignment1Tests.framework in Frameworks */ = {isa = PBXBuildFile; fileRef = A8DF993728E99F0438BC0DE7 /* Pods_Flix_Assignment1Tests.framework */; };
		28E72D0C0EC10C9C9D437107 /* Pods_Flix_Assignment1UITests.framework in Frameworks */ = {isa = PBXBuildFile; fileRef = B5E83859F8CA3061AA5E80E4 /* Pods_Flix_Assignment1UITests.framework */; };
		C44BE326202A7D8A00CDF34C /* DetailViewController.swift in Sources */ = {isa = PBXBuildFile; fileRef = C44BE325202A7D8A00CDF34C /* DetailViewController.swift */; };
		C44BE328202A908900CDF34C /* PosterCell.swift in Sources */ = {isa = PBXBuildFile; fileRef = C44BE327202A908900CDF34C /* PosterCell.swift */; };
		C44BE32A202A90BF00CDF34C /* SuperHeroViewController.swift in Sources */ = {isa = PBXBuildFile; fileRef = C44BE329202A90BF00CDF34C /* SuperHeroViewController.swift */; };
		C4E2659C20207C4500E39B80 /* AppDelegate.swift in Sources */ = {isa = PBXBuildFile; fileRef = C4E2659B20207C4500E39B80 /* AppDelegate.swift */; };
		C4E265A120207C4500E39B80 /* Main.storyboard in Resources */ = {isa = PBXBuildFile; fileRef = C4E2659F20207C4500E39B80 /* Main.storyboard */; };
		C4E265A320207C4500E39B80 /* Assets.xcassets in Resources */ = {isa = PBXBuildFile; fileRef = C4E265A220207C4500E39B80 /* Assets.xcassets */; };
		C4E265A620207C4500E39B80 /* LaunchScreen.storyboard in Resources */ = {isa = PBXBuildFile; fileRef = C4E265A420207C4500E39B80 /* LaunchScreen.storyboard */; };
		C4E265B120207C4600E39B80 /* Flix_Assignment1Tests.swift in Sources */ = {isa = PBXBuildFile; fileRef = C4E265B020207C4600E39B80 /* Flix_Assignment1Tests.swift */; };
		C4E265BC20207C4600E39B80 /* Flix_Assignment1UITests.swift in Sources */ = {isa = PBXBuildFile; fileRef = C4E265BB20207C4600E39B80 /* Flix_Assignment1UITests.swift */; };
		C4E265CA202083BE00E39B80 /* NowPlayingViewController.swift in Sources */ = {isa = PBXBuildFile; fileRef = C4E265C9202083BE00E39B80 /* NowPlayingViewController.swift */; };
		C4E265CC20208EBE00E39B80 /* MovieCell.swift in Sources */ = {isa = PBXBuildFile; fileRef = C4E265CB20208EBE00E39B80 /* MovieCell.swift */; };
		C4FAD39A2047B83B00518AB1 /* Movie.swift in Sources */ = {isa = PBXBuildFile; fileRef = C4FAD3992047B83B00518AB1 /* Movie.swift */; };
		C4FAD39E2047C31000518AB1 /* MovieAPIManager.swift in Sources */ = {isa = PBXBuildFile; fileRef = C4FAD39D2047C31000518AB1 /* MovieAPIManager.swift */; };
		E5CA2E99D3CA1E17124404BE /* Pods_Flix_Assignment1.framework in Frameworks */ = {isa = PBXBuildFile; fileRef = 41A84D34A08FF811C61634B8 /* Pods_Flix_Assignment1.framework */; };
/* End PBXBuildFile section */

/* Begin PBXContainerItemProxy section */
		C4E265AD20207C4600E39B80 /* PBXContainerItemProxy */ = {
			isa = PBXContainerItemProxy;
			containerPortal = C4E2659020207C4500E39B80 /* Project object */;
			proxyType = 1;
			remoteGlobalIDString = C4E2659720207C4500E39B80;
			remoteInfo = Flix_Assignment1;
		};
		C4E265B820207C4600E39B80 /* PBXContainerItemProxy */ = {
			isa = PBXContainerItemProxy;
			containerPortal = C4E2659020207C4500E39B80 /* Project object */;
			proxyType = 1;
			remoteGlobalIDString = C4E2659720207C4500E39B80;
			remoteInfo = Flix_Assignment1;
		};
/* End PBXContainerItemProxy section */

/* Begin PBXFileReference section */
		05BD2C5B46A2EC65FFA0ED61 /* Pods-Flix_Assignment1UITests.release.xcconfig */ = {isa = PBXFileReference; includeInIndex = 1; lastKnownFileType = text.xcconfig; name = "Pods-Flix_Assignment1UITests.release.xcconfig"; path = "Pods/Target Support Files/Pods-Flix_Assignment1UITests/Pods-Flix_Assignment1UITests.release.xcconfig"; sourceTree = "<group>"; };
		1667F2FA107DA4F4C6CAE2EB /* Pods-Flix_Assignment1UITests.debug.xcconfig */ = {isa = PBXFileReference; includeInIndex = 1; lastKnownFileType = text.xcconfig; name = "Pods-Flix_Assignment1UITests.debug.xcconfig"; path = "Pods/Target Support Files/Pods-Flix_Assignment1UITests/Pods-Flix_Assignment1UITests.debug.xcconfig"; sourceTree = "<group>"; };
		41A84D34A08FF811C61634B8 /* Pods_Flix_Assignment1.framework */ = {isa = PBXFileReference; explicitFileType = wrapper.framework; includeInIndex = 0; path = Pods_Flix_Assignment1.framework; sourceTree = BUILT_PRODUCTS_DIR; };
		73DA569F047A9DFB7707EB75 /* Pods-Flix_Assignment1.debug.xcconfig */ = {isa = PBXFileReference; includeInIndex = 1; lastKnownFileType = text.xcconfig; name = "Pods-Flix_Assignment1.debug.xcconfig"; path = "Pods/Target Support Files/Pods-Flix_Assignment1/Pods-Flix_Assignment1.debug.xcconfig"; sourceTree = "<group>"; };
		9900CAFDE6DD1DFC6A196F24 /* Pods-Flix_Assignment1Tests.debug.xcconfig */ = {isa = PBXFileReference; includeInIndex = 1; lastKnownFileType = text.xcconfig; name = "Pods-Flix_Assignment1Tests.debug.xcconfig"; path = "Pods/Target Support Files/Pods-Flix_Assignment1Tests/Pods-Flix_Assignment1Tests.debug.xcconfig"; sourceTree = "<group>"; };
		A8DF993728E99F0438BC0DE7 /* Pods_Flix_Assignment1Tests.framework */ = {isa = PBXFileReference; explicitFileType = wrapper.framework; includeInIndex = 0; path = Pods_Flix_Assignment1Tests.framework; sourceTree = BUILT_PRODUCTS_DIR; };
		B5E83859F8CA3061AA5E80E4 /* Pods_Flix_Assignment1UITests.framework */ = {isa = PBXFileReference; explicitFileType = wrapper.framework; includeInIndex = 0; path = Pods_Flix_Assignment1UITests.framework; sourceTree = BUILT_PRODUCTS_DIR; };
		C44BE325202A7D8A00CDF34C /* DetailViewController.swift */ = {isa = PBXFileReference; lastKnownFileType = sourcecode.swift; path = DetailViewController.swift; sourceTree = "<group>"; };
		C44BE327202A908900CDF34C /* PosterCell.swift */ = {isa = PBXFileReference; lastKnownFileType = sourcecode.swift; path = PosterCell.swift; sourceTree = "<group>"; };
		C44BE329202A90BF00CDF34C /* SuperHeroViewController.swift */ = {isa = PBXFileReference; lastKnownFileType = sourcecode.swift; path = SuperHeroViewController.swift; sourceTree = "<group>"; };
		C4E2659820207C4500E39B80 /* Flix_Assignment1.app */ = {isa = PBXFileReference; explicitFileType = wrapper.application; includeInIndex = 0; path = Flix_Assignment1.app; sourceTree = BUILT_PRODUCTS_DIR; };
		C4E2659B20207C4500E39B80 /* AppDelegate.swift */ = {isa = PBXFileReference; lastKnownFileType = sourcecode.swift; path = AppDelegate.swift; sourceTree = "<group>"; };
		C4E265A020207C4500E39B80 /* Base */ = {isa = PBXFileReference; lastKnownFileType = file.storyboard; name = Base; path = Base.lproj/Main.storyboard; sourceTree = "<group>"; };
		C4E265A220207C4500E39B80 /* Assets.xcassets */ = {isa = PBXFileReference; lastKnownFileType = folder.assetcatalog; path = Assets.xcassets; sourceTree = "<group>"; };
		C4E265A520207C4500E39B80 /* Base */ = {isa = PBXFileReference; lastKnownFileType = file.storyboard; name = Base; path = Base.lproj/LaunchScreen.storyboard; sourceTree = "<group>"; };
		C4E265A720207C4500E39B80 /* Info.plist */ = {isa = PBXFileReference; lastKnownFileType = text.plist.xml; path = Info.plist; sourceTree = "<group>"; };
		C4E265AC20207C4600E39B80 /* Flix_Assignment1Tests.xctest */ = {isa = PBXFileReference; explicitFileType = wrapper.cfbundle; includeInIndex = 0; path = Flix_Assignment1Tests.xctest; sourceTree = BUILT_PRODUCTS_DIR; };
		C4E265B020207C4600E39B80 /* Flix_Assignment1Tests.swift */ = {isa = PBXFileReference; lastKnownFileType = sourcecode.swift; path = Flix_Assignment1Tests.swift; sourceTree = "<group>"; };
		C4E265B220207C4600E39B80 /* Info.plist */ = {isa = PBXFileReference; lastKnownFileType = text.plist.xml; path = Info.plist; sourceTree = "<group>"; };
		C4E265B720207C4600E39B80 /* Flix_Assignment1UITests.xctest */ = {isa = PBXFileReference; explicitFileType = wrapper.cfbundle; includeInIndex = 0; path = Flix_Assignment1UITests.xctest; sourceTree = BUILT_PRODUCTS_DIR; };
		C4E265BB20207C4600E39B80 /* Flix_Assignment1UITests.swift */ = {isa = PBXFileReference; lastKnownFileType = sourcecode.swift; path = Flix_Assignment1UITests.swift; sourceTree = "<group>"; };
		C4E265BD20207C4600E39B80 /* Info.plist */ = {isa = PBXFileReference; lastKnownFileType = text.plist.xml; path = Info.plist; sourceTree = "<group>"; };
		C4E265C9202083BE00E39B80 /* NowPlayingViewController.swift */ = {isa = PBXFileReference; lastKnownFileType = sourcecode.swift; path = NowPlayingViewController.swift; sourceTree = "<group>"; };
		C4E265CB20208EBE00E39B80 /* MovieCell.swift */ = {isa = PBXFileReference; lastKnownFileType = sourcecode.swift; path = MovieCell.swift; sourceTree = "<group>"; };
		C4FAD3992047B83B00518AB1 /* Movie.swift */ = {isa = PBXFileReference; lastKnownFileType = sourcecode.swift; path = Movie.swift; sourceTree = "<group>"; };
		C4FAD39D2047C31000518AB1 /* MovieAPIManager.swift */ = {isa = PBXFileReference; lastKnownFileType = sourcecode.swift; path = MovieAPIManager.swift; sourceTree = "<group>"; };
		CA3530E0304EB0E442A4B4FD /* Pods-Flix_Assignment1.release.xcconfig */ = {isa = PBXFileReference; includeInIndex = 1; lastKnownFileType = text.xcconfig; name = "Pods-Flix_Assignment1.release.xcconfig"; path = "Pods/Target Support Files/Pods-Flix_Assignment1/Pods-Flix_Assignment1.release.xcconfig"; sourceTree = "<group>"; };
		FBC521DFAB21DB7277350025 /* Pods-Flix_Assignment1Tests.release.xcconfig */ = {isa = PBXFileReference; includeInIndex = 1; lastKnownFileType = text.xcconfig; name = "Pods-Flix_Assignment1Tests.release.xcconfig"; path = "Pods/Target Support Files/Pods-Flix_Assignment1Tests/Pods-Flix_Assignment1Tests.release.xcconfig"; sourceTree = "<group>"; };
/* End PBXFileReference section */

/* Begin PBXFrameworksBuildPhase section */
		C4E2659520207C4500E39B80 /* Frameworks */ = {
			isa = PBXFrameworksBuildPhase;
			buildActionMask = 2147483647;
			files = (
				E5CA2E99D3CA1E17124404BE /* Pods_Flix_Assignment1.framework in Frameworks */,
			);
			runOnlyForDeploymentPostprocessing = 0;
		};
		C4E265A920207C4600E39B80 /* Frameworks */ = {
			isa = PBXFrameworksBuildPhase;
			buildActionMask = 2147483647;
			files = (
				1B3DF15B0E14596F7B2B46C5 /* Pods_Flix_Assignment1Tests.framework in Frameworks */,
			);
			runOnlyForDeploymentPostprocessing = 0;
		};
		C4E265B420207C4600E39B80 /* Frameworks */ = {
			isa = PBXFrameworksBuildPhase;
			buildActionMask = 2147483647;
			files = (
				28E72D0C0EC10C9C9D437107 /* Pods_Flix_Assignment1UITests.framework in Frameworks */,
			);
			runOnlyForDeploymentPostprocessing = 0;
		};
/* End PBXFrameworksBuildPhase section */

/* Begin PBXGroup section */
		208F6050A11DCB6F88300CA6 /* Frameworks */ = {
			isa = PBXGroup;
			children = (
				41A84D34A08FF811C61634B8 /* Pods_Flix_Assignment1.framework */,
				A8DF993728E99F0438BC0DE7 /* Pods_Flix_Assignment1Tests.framework */,
				B5E83859F8CA3061AA5E80E4 /* Pods_Flix_Assignment1UITests.framework */,
			);
			name = Frameworks;
			sourceTree = "<group>";
		};
		236948C6DF39E703FC643FDD /* Pods */ = {
			isa = PBXGroup;
			children = (
				73DA569F047A9DFB7707EB75 /* Pods-Flix_Assignment1.debug.xcconfig */,
				CA3530E0304EB0E442A4B4FD /* Pods-Flix_Assignment1.release.xcconfig */,
				9900CAFDE6DD1DFC6A196F24 /* Pods-Flix_Assignment1Tests.debug.xcconfig */,
				FBC521DFAB21DB7277350025 /* Pods-Flix_Assignment1Tests.release.xcconfig */,
				1667F2FA107DA4F4C6CAE2EB /* Pods-Flix_Assignment1UITests.debug.xcconfig */,
				05BD2C5B46A2EC65FFA0ED61 /* Pods-Flix_Assignment1UITests.release.xcconfig */,
			);
			name = Pods;
			sourceTree = "<group>";
		};
		C44BE323202A7D3F00CDF34C /* Views */ = {
			isa = PBXGroup;
			children = (
				C4E265CB20208EBE00E39B80 /* MovieCell.swift */,
				C44BE327202A908900CDF34C /* PosterCell.swift */,
			);
			path = Views;
			sourceTree = "<group>";
		};
		C44BE324202A7D5600CDF34C /* ViewControllers */ = {
			isa = PBXGroup;
			children = (
				C4E265C9202083BE00E39B80 /* NowPlayingViewController.swift */,
				C44BE325202A7D8A00CDF34C /* DetailViewController.swift */,
				C44BE329202A90BF00CDF34C /* SuperHeroViewController.swift */,
			);
			path = ViewControllers;
			sourceTree = "<group>";
		};
		C4E2658F20207C4500E39B80 = {
			isa = PBXGroup;
			children = (
				C4E2659A20207C4500E39B80 /* Flix_Assignment1 */,
				C4E265AF20207C4600E39B80 /* Flix_Assignment1Tests */,
				C4E265BA20207C4600E39B80 /* Flix_Assignment1UITests */,
				C4E2659920207C4500E39B80 /* Products */,
				236948C6DF39E703FC643FDD /* Pods */,
				208F6050A11DCB6F88300CA6 /* Frameworks */,
			);
			sourceTree = "<group>";
		};
		C4E2659920207C4500E39B80 /* Products */ = {
			isa = PBXGroup;
			children = (
				C4E2659820207C4500E39B80 /* Flix_Assignment1.app */,
				C4E265AC20207C4600E39B80 /* Flix_Assignment1Tests.xctest */,
				C4E265B720207C4600E39B80 /* Flix_Assignment1UITests.xctest */,
			);
			name = Products;
			sourceTree = "<group>";
		};
		C4E2659A20207C4500E39B80 /* Flix_Assignment1 */ = {
			isa = PBXGroup;
			children = (
				C4FAD39C2047C2FB00518AB1 /* API */,
				C4FAD3982047B81500518AB1 /* Models */,
				C44BE323202A7D3F00CDF34C /* Views */,
				C44BE324202A7D5600CDF34C /* ViewControllers */,
				C4E2659B20207C4500E39B80 /* AppDelegate.swift */,
				C4E2659F20207C4500E39B80 /* Main.storyboard */,
				C4E265A220207C4500E39B80 /* Assets.xcassets */,
				C4E265A420207C4500E39B80 /* LaunchScreen.storyboard */,
				C4E265A720207C4500E39B80 /* Info.plist */,
			);
			path = Flix_Assignment1;
			sourceTree = "<group>";
		};
		C4E265AF20207C4600E39B80 /* Flix_Assignment1Tests */ = {
			isa = PBXGroup;
			children = (
				C4E265B020207C4600E39B80 /* Flix_Assignment1Tests.swift */,
				C4E265B220207C4600E39B80 /* Info.plist */,
			);
			path = Flix_Assignment1Tests;
			sourceTree = "<group>";
		};
		C4E265BA20207C4600E39B80 /* Flix_Assignment1UITests */ = {
			isa = PBXGroup;
			children = (
				C4E265BB20207C4600E39B80 /* Flix_Assignment1UITests.swift */,
				C4E265BD20207C4600E39B80 /* Info.plist */,
			);
			path = Flix_Assignment1UITests;
			sourceTree = "<group>";
		};
		C4FAD3982047B81500518AB1 /* Models */ = {
			isa = PBXGroup;
			children = (
				C4FAD3992047B83B00518AB1 /* Movie.swift */,
			);
			path = Models;
			sourceTree = "<group>";
		};
		C4FAD39C2047C2FB00518AB1 /* API */ = {
			isa = PBXGroup;
			children = (
				C4FAD39D2047C31000518AB1 /* MovieAPIManager.swift */,
			);
			path = API;
			sourceTree = "<group>";
		};
/* End PBXGroup section */

/* Begin PBXNativeTarget section */
		C4E2659720207C4500E39B80 /* Flix_Assignment1 */ = {
			isa = PBXNativeTarget;
			buildConfigurationList = C4E265C020207C4600E39B80 /* Build configuration list for PBXNativeTarget "Flix_Assignment1" */;
			buildPhases = (
				ABF07553D259C5DD73D0EC84 /* [CP] Check Pods Manifest.lock */,
				C4E2659420207C4500E39B80 /* Sources */,
				C4E2659520207C4500E39B80 /* Frameworks */,
				C4E2659620207C4500E39B80 /* Resources */,
				F00703DB8DF20DC1446C9F08 /* [CP] Embed Pods Frameworks */,
				E46DFD36AEA9706B931AB149 /* [CP] Copy Pods Resources */,
			);
			buildRules = (
			);
			dependencies = (
			);
			name = Flix_Assignment1;
			productName = Flix_Assignment1;
			productReference = C4E2659820207C4500E39B80 /* Flix_Assignment1.app */;
			productType = "com.apple.product-type.application";
		};
		C4E265AB20207C4600E39B80 /* Flix_Assignment1Tests */ = {
			isa = PBXNativeTarget;
			buildConfigurationList = C4E265C320207C4600E39B80 /* Build configuration list for PBXNativeTarget "Flix_Assignment1Tests" */;
			buildPhases = (
				D55A775929F6DB356516419E /* [CP] Check Pods Manifest.lock */,
				C4E265A820207C4600E39B80 /* Sources */,
				C4E265A920207C4600E39B80 /* Frameworks */,
				C4E265AA20207C4600E39B80 /* Resources */,
				D30F77382B1DAD320C1F39C0 /* [CP] Embed Pods Frameworks */,
				B902D5BC8B4FAC1D2FA9E2F5 /* [CP] Copy Pods Resources */,
			);
			buildRules = (
			);
			dependencies = (
				C4E265AE20207C4600E39B80 /* PBXTargetDependency */,
			);
			name = Flix_Assignment1Tests;
			productName = Flix_Assignment1Tests;
			productReference = C4E265AC20207C4600E39B80 /* Flix_Assignment1Tests.xctest */;
			productType = "com.apple.product-type.bundle.unit-test";
		};
		C4E265B620207C4600E39B80 /* Flix_Assignment1UITests */ = {
			isa = PBXNativeTarget;
			buildConfigurationList = C4E265C620207C4600E39B80 /* Build configuration list for PBXNativeTarget "Flix_Assignment1UITests" */;
			buildPhases = (
				B41416192DAA6571D6208145 /* [CP] Check Pods Manifest.lock */,
				C4E265B320207C4600E39B80 /* Sources */,
				C4E265B420207C4600E39B80 /* Frameworks */,
				C4E265B520207C4600E39B80 /* Resources */,
				D330D6316370A6B89A172C19 /* [CP] Embed Pods Frameworks */,
				714E72EAB27D7BAFFB859EE7 /* [CP] Copy Pods Resources */,
			);
			buildRules = (
			);
			dependencies = (
				C4E265B920207C4600E39B80 /* PBXTargetDependency */,
			);
			name = Flix_Assignment1UITests;
			productName = Flix_Assignment1UITests;
			productReference = C4E265B720207C4600E39B80 /* Flix_Assignment1UITests.xctest */;
			productType = "com.apple.product-type.bundle.ui-testing";
		};
/* End PBXNativeTarget section */

/* Begin PBXProject section */
		C4E2659020207C4500E39B80 /* Project object */ = {
			isa = PBXProject;
			attributes = {
				LastSwiftUpdateCheck = 0920;
				LastUpgradeCheck = 0920;
				ORGANIZATIONNAME = "Mike Lin";
				TargetAttributes = {
					C4E2659720207C4500E39B80 = {
						CreatedOnToolsVersion = 9.2;
						ProvisioningStyle = Automatic;
					};
					C4E265AB20207C4600E39B80 = {
						CreatedOnToolsVersion = 9.2;
						ProvisioningStyle = Automatic;
						TestTargetID = C4E2659720207C4500E39B80;
					};
					C4E265B620207C4600E39B80 = {
						CreatedOnToolsVersion = 9.2;
						ProvisioningStyle = Automatic;
						TestTargetID = C4E2659720207C4500E39B80;
					};
				};
			};
			buildConfigurationList = C4E2659320207C4500E39B80 /* Build configuration list for PBXProject "Flix_Assignment1" */;
			compatibilityVersion = "Xcode 8.0";
			developmentRegion = en;
			hasScannedForEncodings = 0;
			knownRegions = (
				en,
				Base,
			);
			mainGroup = C4E2658F20207C4500E39B80;
			productRefGroup = C4E2659920207C4500E39B80 /* Products */;
			projectDirPath = "";
			projectRoot = "";
			targets = (
				C4E2659720207C4500E39B80 /* Flix_Assignment1 */,
				C4E265AB20207C4600E39B80 /* Flix_Assignment1Tests */,
				C4E265B620207C4600E39B80 /* Flix_Assignment1UITests */,
			);
		};
/* End PBXProject section */

/* Begin PBXResourcesBuildPhase section */
		C4E2659620207C4500E39B80 /* Resources */ = {
			isa = PBXResourcesBuildPhase;
			buildActionMask = 2147483647;
			files = (
				C4E265A620207C4500E39B80 /* LaunchScreen.storyboard in Resources */,
				C4E265A320207C4500E39B80 /* Assets.xcassets in Resources */,
				C4E265A120207C4500E39B80 /* Main.storyboard in Resources */,
			);
			runOnlyForDeploymentPostprocessing = 0;
		};
		C4E265AA20207C4600E39B80 /* Resources */ = {
			isa = PBXResourcesBuildPhase;
			buildActionMask = 2147483647;
			files = (
			);
			runOnlyForDeploymentPostprocessing = 0;
		};
		C4E265B520207C4600E39B80 /* Resources */ = {
			isa = PBXResourcesBuildPhase;
			buildActionMask = 2147483647;
			files = (
			);
			runOnlyForDeploymentPostprocessing = 0;
		};
/* End PBXResourcesBuildPhase section */

/* Begin PBXShellScriptBuildPhase section */
		714E72EAB27D7BAFFB859EE7 /* [CP] Copy Pods Resources */ = {
			isa = PBXShellScriptBuildPhase;
			buildActionMask = 2147483647;
			files = (
			);
			inputPaths = (
			);
			name = "[CP] Copy Pods Resources";
			outputPaths = (
			);
			runOnlyForDeploymentPostprocessing = 0;
			shellPath = /bin/sh;
			shellScript = "\"${SRCROOT}/Pods/Target Support Files/Pods-Flix_Assignment1UITests/Pods-Flix_Assignment1UITests-resources.sh\"\n";
			showEnvVarsInLog = 0;
		};
		ABF07553D259C5DD73D0EC84 /* [CP] Check Pods Manifest.lock */ = {
			isa = PBXShellScriptBuildPhase;
			buildActionMask = 2147483647;
			files = (
			);
			inputPaths = (
				"${PODS_PODFILE_DIR_PATH}/Podfile.lock",
				"${PODS_ROOT}/Manifest.lock",
			);
			name = "[CP] Check Pods Manifest.lock";
			outputPaths = (
				"$(DERIVED_FILE_DIR)/Pods-Flix_Assignment1-checkManifestLockResult.txt",
			);
			runOnlyForDeploymentPostprocessing = 0;
			shellPath = /bin/sh;
			shellScript = "diff \"${PODS_PODFILE_DIR_PATH}/Podfile.lock\" \"${PODS_ROOT}/Manifest.lock\" > /dev/null\nif [ $? != 0 ] ; then\n    # print error to STDERR\n    echo \"error: The sandbox is not in sync with the Podfile.lock. Run 'pod install' or update your CocoaPods installation.\" >&2\n    exit 1\nfi\n# This output is used by Xcode 'outputs' to avoid re-running this script phase.\necho \"SUCCESS\" > \"${SCRIPT_OUTPUT_FILE_0}\"\n";
			showEnvVarsInLog = 0;
		};
		B41416192DAA6571D6208145 /* [CP] Check Pods Manifest.lock */ = {
			isa = PBXShellScriptBuildPhase;
			buildActionMask = 2147483647;
			files = (
			);
			inputPaths = (
				"${PODS_PODFILE_DIR_PATH}/Podfile.lock",
				"${PODS_ROOT}/Manifest.lock",
			);
			name = "[CP] Check Pods Manifest.lock";
			outputPaths = (
				"$(DERIVED_FILE_DIR)/Pods-Flix_Assignment1UITests-checkManifestLockResult.txt",
			);
			runOnlyForDeploymentPostprocessing = 0;
			shellPath = /bin/sh;
			shellScript = "diff \"${PODS_PODFILE_DIR_PATH}/Podfile.lock\" \"${PODS_ROOT}/Manifest.lock\" > /dev/null\nif [ $? != 0 ] ; then\n    # print error to STDERR\n    echo \"error: The sandbox is not in sync with the Podfile.lock. Run 'pod install' or update your CocoaPods installation.\" >&2\n    exit 1\nfi\n# This output is used by Xcode 'outputs' to avoid re-running this script phase.\necho \"SUCCESS\" > \"${SCRIPT_OUTPUT_FILE_0}\"\n";
			showEnvVarsInLog = 0;
		};
		B902D5BC8B4FAC1D2FA9E2F5 /* [CP] Copy Pods Resources */ = {
			isa = PBXShellScriptBuildPhase;
			buildActionMask = 2147483647;
			files = (
			);
			inputPaths = (
			);
			name = "[CP] Copy Pods Resources";
			outputPaths = (
			);
			runOnlyForDeploymentPostprocessing = 0;
			shellPath = /bin/sh;
			shellScript = "\"${SRCROOT}/Pods/Target Support Files/Pods-Flix_Assignment1Tests/Pods-Flix_Assignment1Tests-resources.sh\"\n";
			showEnvVarsInLog = 0;
		};
		D30F77382B1DAD320C1F39C0 /* [CP] Embed Pods Frameworks */ = {
			isa = PBXShellScriptBuildPhase;
			buildActionMask = 2147483647;
			files = (
			);
			inputPaths = (
			);
			name = "[CP] Embed Pods Frameworks";
			outputPaths = (
			);
			runOnlyForDeploymentPostprocessing = 0;
			shellPath = /bin/sh;
			shellScript = "\"${SRCROOT}/Pods/Target Support Files/Pods-Flix_Assignment1Tests/Pods-Flix_Assignment1Tests-frameworks.sh\"\n";
			showEnvVarsInLog = 0;
		};
		D330D6316370A6B89A172C19 /* [CP] Embed Pods Frameworks */ = {
			isa = PBXShellScriptBuildPhase;
			buildActionMask = 2147483647;
			files = (
			);
			inputPaths = (
			);
			name = "[CP] Embed Pods Frameworks";
			outputPaths = (
			);
			runOnlyForDeploymentPostprocessing = 0;
			shellPath = /bin/sh;
			shellScript = "\"${SRCROOT}/Pods/Target Support Files/Pods-Flix_Assignment1UITests/Pods-Flix_Assignment1UITests-frameworks.sh\"\n";
			showEnvVarsInLog = 0;
		};
		D55A775929F6DB356516419E /* [CP] Check Pods Manifest.lock */ = {
			isa = PBXShellScriptBuildPhase;
			buildActionMask = 2147483647;
			files = (
			);
			inputPaths = (
				"${PODS_PODFILE_DIR_PATH}/Podfile.lock",
				"${PODS_ROOT}/Manifest.lock",
			);
			name = "[CP] Check Pods Manifest.lock";
			outputPaths = (
				"$(DERIVED_FILE_DIR)/Pods-Flix_Assignment1Tests-checkManifestLockResult.txt",
			);
			runOnlyForDeploymentPostprocessing = 0;
			shellPath = /bin/sh;
			shellScript = "diff \"${PODS_PODFILE_DIR_PATH}/Podfile.lock\" \"${PODS_ROOT}/Manifest.lock\" > /dev/null\nif [ $? != 0 ] ; then\n    # print error to STDERR\n    echo \"error: The sandbox is not in sync with the Podfile.lock. Run 'pod install' or update your CocoaPods installation.\" >&2\n    exit 1\nfi\n# This output is used by Xcode 'outputs' to avoid re-running this script phase.\necho \"SUCCESS\" > \"${SCRIPT_OUTPUT_FILE_0}\"\n";
			showEnvVarsInLog = 0;
		};
		E46DFD36AEA9706B931AB149 /* [CP] Copy Pods Resources */ = {
			isa = PBXShellScriptBuildPhase;
			buildActionMask = 2147483647;
			files = (
			);
			inputPaths = (
			);
			name = "[CP] Copy Pods Resources";
			outputPaths = (
			);
			runOnlyForDeploymentPostprocessing = 0;
			shellPath = /bin/sh;
			shellScript = "\"${SRCROOT}/Pods/Target Support Files/Pods-Flix_Assignment1/Pods-Flix_Assignment1-resources.sh\"\n";
			showEnvVarsInLog = 0;
		};
		F00703DB8DF20DC1446C9F08 /* [CP] Embed Pods Frameworks */ = {
			isa = PBXShellScriptBuildPhase;
			buildActionMask = 2147483647;
			files = (
			);
			inputPaths = (
				"${SRCROOT}/Pods/Target Support Files/Pods-Flix_Assignment1/Pods-Flix_Assignment1-frameworks.sh",
				"${BUILT_PRODUCTS_DIR}/Alamofire/Alamofire.framework",
				"${BUILT_PRODUCTS_DIR}/AlamofireImage/AlamofireImage.framework",
			);
			name = "[CP] Embed Pods Frameworks";
			outputPaths = (
				"${TARGET_BUILD_DIR}/${FRAMEWORKS_FOLDER_PATH}/Alamofire.framework",
				"${TARGET_BUILD_DIR}/${FRAMEWORKS_FOLDER_PATH}/AlamofireImage.framework",
			);
			runOnlyForDeploymentPostprocessing = 0;
			shellPath = /bin/sh;
			shellScript = "\"${SRCROOT}/Pods/Target Support Files/Pods-Flix_Assignment1/Pods-Flix_Assignment1-frameworks.sh\"\n";
			showEnvVarsInLog = 0;
		};
/* End PBXShellScriptBuildPhase section */

/* Begin PBXSourcesBuildPhase section */
		C4E2659420207C4500E39B80 /* Sources */ = {
			isa = PBXSourcesBuildPhase;
			buildActionMask = 2147483647;
			files = (
				C4FAD39A2047B83B00518AB1 /* Movie.swift in Sources */,
				C44BE32A202A90BF00CDF34C /* SuperHeroViewController.swift in Sources */,
				C4E265CA202083BE00E39B80 /* NowPlayingViewController.swift in Sources */,
				C44BE328202A908900CDF34C /* PosterCell.swift in Sources */,
				C4E2659C20207C4500E39B80 /* AppDelegate.swift in Sources */,
				C4FAD39E2047C31000518AB1 /* MovieAPIManager.swift in Sources */,
				C4E265CC20208EBE00E39B80 /* MovieCell.swift in Sources */,
				C44BE326202A7D8A00CDF34C /* DetailViewController.swift in Sources */,
			);
			runOnlyForDeploymentPostprocessing = 0;
		};
		C4E265A820207C4600E39B80 /* Sources */ = {
			isa = PBXSourcesBuildPhase;
			buildActionMask = 2147483647;
			files = (
				C4E265B120207C4600E39B80 /* Flix_Assignment1Tests.swift in Sources */,
			);
			runOnlyForDeploymentPostprocessing = 0;
		};
		C4E265B320207C4600E39B80 /* Sources */ = {
			isa = PBXSourcesBuildPhase;
			buildActionMask = 2147483647;
			files = (
				C4E265BC20207C4600E39B80 /* Flix_Assignment1UITests.swift in Sources */,
			);
			runOnlyForDeploymentPostprocessing = 0;
		};
/* End PBXSourcesBuildPhase section */

/* Begin PBXTargetDependency section */
		C4E265AE20207C4600E39B80 /* PBXTargetDependency */ = {
			isa = PBXTargetDependency;
			target = C4E2659720207C4500E39B80 /* Flix_Assignment1 */;
			targetProxy = C4E265AD20207C4600E39B80 /* PBXContainerItemProxy */;
		};
		C4E265B920207C4600E39B80 /* PBXTargetDependency */ = {
			isa = PBXTargetDependency;
			target = C4E2659720207C4500E39B80 /* Flix_Assignment1 */;
			targetProxy = C4E265B820207C4600E39B80 /* PBXContainerItemProxy */;
		};
/* End PBXTargetDependency section */

/* Begin PBXVariantGroup section */
		C4E2659F20207C4500E39B80 /* Main.storyboard */ = {
			isa = PBXVariantGroup;
			children = (
				C4E265A020207C4500E39B80 /* Base */,
			);
			name = Main.storyboard;
			sourceTree = "<group>";
		};
		C4E265A420207C4500E39B80 /* LaunchScreen.storyboard */ = {
			isa = PBXVariantGroup;
			children = (
				C4E265A520207C4500E39B80 /* Base */,
			);
			name = LaunchScreen.storyboard;
			sourceTree = "<group>";
		};
/* End PBXVariantGroup section */

/* Begin XCBuildConfiguration section */
		C4E265BE20207C4600E39B80 /* Debug */ = {
			isa = XCBuildConfiguration;
			buildSettings = {
				ALWAYS_SEARCH_USER_PATHS = NO;
				CLANG_ANALYZER_NONNULL = YES;
				CLANG_ANALYZER_NUMBER_OBJECT_CONVERSION = YES_AGGRESSIVE;
				CLANG_CXX_LANGUAGE_STANDARD = "gnu++14";
				CLANG_CXX_LIBRARY = "libc++";
				CLANG_ENABLE_MODULES = YES;
				CLANG_ENABLE_OBJC_ARC = YES;
				CLANG_WARN_BLOCK_CAPTURE_AUTORELEASING = YES;
				CLANG_WARN_BOOL_CONVERSION = YES;
				CLANG_WARN_COMMA = YES;
				CLANG_WARN_CONSTANT_CONVERSION = YES;
				CLANG_WARN_DIRECT_OBJC_ISA_USAGE = YES_ERROR;
				CLANG_WARN_DOCUMENTATION_COMMENTS = YES;
				CLANG_WARN_EMPTY_BODY = YES;
				CLANG_WARN_ENUM_CONVERSION = YES;
				CLANG_WARN_INFINITE_RECURSION = YES;
				CLANG_WARN_INT_CONVERSION = YES;
				CLANG_WARN_NON_LITERAL_NULL_CONVERSION = YES;
				CLANG_WARN_OBJC_LITERAL_CONVERSION = YES;
				CLANG_WARN_OBJC_ROOT_CLASS = YES_ERROR;
				CLANG_WARN_RANGE_LOOP_ANALYSIS = YES;
				CLANG_WARN_STRICT_PROTOTYPES = YES;
				CLANG_WARN_SUSPICIOUS_MOVE = YES;
				CLANG_WARN_UNGUARDED_AVAILABILITY = YES_AGGRESSIVE;
				CLANG_WARN_UNREACHABLE_CODE = YES;
				CLANG_WARN__DUPLICATE_METHOD_MATCH = YES;
				CODE_SIGN_IDENTITY = "iPhone Developer";
				COPY_PHASE_STRIP = NO;
				DEBUG_INFORMATION_FORMAT = dwarf;
				ENABLE_STRICT_OBJC_MSGSEND = YES;
				ENABLE_TESTABILITY = YES;
				GCC_C_LANGUAGE_STANDARD = gnu11;
				GCC_DYNAMIC_NO_PIC = NO;
				GCC_NO_COMMON_BLOCKS = YES;
				GCC_OPTIMIZATION_LEVEL = 0;
				GCC_PREPROCESSOR_DEFINITIONS = (
					"DEBUG=1",
					"$(inherited)",
				);
				GCC_WARN_64_TO_32_BIT_CONVERSION = YES;
				GCC_WARN_ABOUT_RETURN_TYPE = YES_ERROR;
				GCC_WARN_UNDECLARED_SELECTOR = YES;
				GCC_WARN_UNINITIALIZED_AUTOS = YES_AGGRESSIVE;
				GCC_WARN_UNUSED_FUNCTION = YES;
				GCC_WARN_UNUSED_VARIABLE = YES;
				IPHONEOS_DEPLOYMENT_TARGET = 11.2;
				MTL_ENABLE_DEBUG_INFO = YES;
				ONLY_ACTIVE_ARCH = YES;
				SDKROOT = iphoneos;
				SWIFT_ACTIVE_COMPILATION_CONDITIONS = DEBUG;
				SWIFT_OPTIMIZATION_LEVEL = "-Onone";
			};
			name = Debug;
		};
		C4E265BF20207C4600E39B80 /* Release */ = {
			isa = XCBuildConfiguration;
			buildSettings = {
				ALWAYS_SEARCH_USER_PATHS = NO;
				CLANG_ANALYZER_NONNULL = YES;
				CLANG_ANALYZER_NUMBER_OBJECT_CONVERSION = YES_AGGRESSIVE;
				CLANG_CXX_LANGUAGE_STANDARD = "gnu++14";
				CLANG_CXX_LIBRARY = "libc++";
				CLANG_ENABLE_MODULES = YES;
				CLANG_ENABLE_OBJC_ARC = YES;
				CLANG_WARN_BLOCK_CAPTURE_AUTORELEASING = YES;
				CLANG_WARN_BOOL_CONVERSION = YES;
				CLANG_WARN_COMMA = YES;
				CLANG_WARN_CONSTANT_CONVERSION = YES;
				CLANG_WARN_DIRECT_OBJC_ISA_USAGE = YES_ERROR;
				CLANG_WARN_DOCUMENTATION_COMMENTS = YES;
				CLANG_WARN_EMPTY_BODY = YES;
				CLANG_WARN_ENUM_CONVERSION = YES;
				CLANG_WARN_INFINITE_RECURSION = YES;
				CLANG_WARN_INT_CONVERSION = YES;
				CLANG_WARN_NON_LITERAL_NULL_CONVERSION = YES;
				CLANG_WARN_OBJC_LITERAL_CONVERSION = YES;
				CLANG_WARN_OBJC_ROOT_CLASS = YES_ERROR;
				CLANG_WARN_RANGE_LOOP_ANALYSIS = YES;
				CLANG_WARN_STRICT_PROTOTYPES = YES;
				CLANG_WARN_SUSPICIOUS_MOVE = YES;
				CLANG_WARN_UNGUARDED_AVAILABILITY = YES_AGGRESSIVE;
				CLANG_WARN_UNREACHABLE_CODE = YES;
				CLANG_WARN__DUPLICATE_METHOD_MATCH = YES;
				CODE_SIGN_IDENTITY = "iPhone Developer";
				COPY_PHASE_STRIP = NO;
				DEBUG_INFORMATION_FORMAT = "dwarf-with-dsym";
				ENABLE_NS_ASSERTIONS = NO;
				ENABLE_STRICT_OBJC_MSGSEND = YES;
				GCC_C_LANGUAGE_STANDARD = gnu11;
				GCC_NO_COMMON_BLOCKS = YES;
				GCC_WARN_64_TO_32_BIT_CONVERSION = YES;
				GCC_WARN_ABOUT_RETURN_TYPE = YES_ERROR;
				GCC_WARN_UNDECLARED_SELECTOR = YES;
				GCC_WARN_UNINITIALIZED_AUTOS = YES_AGGRESSIVE;
				GCC_WARN_UNUSED_FUNCTION = YES;
				GCC_WARN_UNUSED_VARIABLE = YES;
				IPHONEOS_DEPLOYMENT_TARGET = 11.2;
				MTL_ENABLE_DEBUG_INFO = NO;
				SDKROOT = iphoneos;
				SWIFT_OPTIMIZATION_LEVEL = "-Owholemodule";
				VALIDATE_PRODUCT = YES;
			};
			name = Release;
		};
		C4E265C120207C4600E39B80 /* Debug */ = {
			isa = XCBuildConfiguration;
			baseConfigurationReference = 73DA569F047A9DFB7707EB75 /* Pods-Flix_Assignment1.debug.xcconfig */;
			buildSettings = {
				ASSETCATALOG_COMPILER_APPICON_NAME = AppIcon;
				CODE_SIGN_STYLE = Automatic;
				DEVELOPMENT_TEAM = 8W5LLV26X4;
				INFOPLIST_FILE = Flix_Assignment1/Info.plist;
				LD_RUNPATH_SEARCH_PATHS = "$(inherited) @executable_path/Frameworks";
				PRODUCT_BUNDLE_IDENTIFIER = "mlin.Flix-Assignment1";
				PRODUCT_NAME = "$(TARGET_NAME)";
				SWIFT_VERSION = 4.0;
				TARGETED_DEVICE_FAMILY = 1;
			};
			name = Debug;
		};
		C4E265C220207C4600E39B80 /* Release */ = {
			isa = XCBuildConfiguration;
			baseConfigurationReference = CA3530E0304EB0E442A4B4FD /* Pods-Flix_Assignment1.release.xcconfig */;
			buildSettings = {
				ASSETCATALOG_COMPILER_APPICON_NAME = AppIcon;
				CODE_SIGN_STYLE = Automatic;
				DEVELOPMENT_TEAM = 8W5LLV26X4;
				INFOPLIST_FILE = Flix_Assignment1/Info.plist;
				LD_RUNPATH_SEARCH_PATHS = "$(inherited) @executable_path/Frameworks";
				PRODUCT_BUNDLE_IDENTIFIER = "mlin.Flix-Assignment1";
				PRODUCT_NAME = "$(TARGET_NAME)";
				SWIFT_VERSION = 4.0;
				TARGETED_DEVICE_FAMILY = 1;
			};
			name = Release;
		};
		C4E265C420207C4600E39B80 /* Debug */ = {
			isa = XCBuildConfiguration;
			baseConfigurationReference = 9900CAFDE6DD1DFC6A196F24 /* Pods-Flix_Assignment1Tests.debug.xcconfig */;
			buildSettings = {
				ALWAYS_EMBED_SWIFT_STANDARD_LIBRARIES = YES;
				BUNDLE_LOADER = "$(TEST_HOST)";
				CODE_SIGN_STYLE = Automatic;
				DEVELOPMENT_TEAM = 8W5LLV26X4;
				INFOPLIST_FILE = Flix_Assignment1Tests/Info.plist;
				LD_RUNPATH_SEARCH_PATHS = "$(inherited) @executable_path/Frameworks @loader_path/Frameworks";
				PRODUCT_BUNDLE_IDENTIFIER = "mlin.Flix-Assignment1Tests";
				PRODUCT_NAME = "$(TARGET_NAME)";
				SWIFT_VERSION = 4.0;
				TARGETED_DEVICE_FAMILY = "1,2";
				TEST_HOST = "$(BUILT_PRODUCTS_DIR)/Flix_Assignment1.app/Flix_Assignment1";
			};
			name = Debug;
		};
		C4E265C520207C4600E39B80 /* Release */ = {
			isa = XCBuildConfiguration;
			baseConfigurationReference = FBC521DFAB21DB7277350025 /* Pods-Flix_Assignment1Tests.release.xcconfig */;
			buildSettings = {
				ALWAYS_EMBED_SWIFT_STANDARD_LIBRARIES = YES;
				BUNDLE_LOADER = "$(TEST_HOST)";
				CODE_SIGN_STYLE = Automatic;
				DEVELOPMENT_TEAM = 8W5LLV26X4;
				INFOPLIST_FILE = Flix_Assignment1Tests/Info.plist;
				LD_RUNPATH_SEARCH_PATHS = "$(inherited) @executable_path/Frameworks @loader_path/Frameworks";
				PRODUCT_BUNDLE_IDENTIFIER = "mlin.Flix-Assignment1Tests";
				PRODUCT_NAME = "$(TARGET_NAME)";
				SWIFT_VERSION = 4.0;
				TARGETED_DEVICE_FAMILY = "1,2";
				TEST_HOST = "$(BUILT_PRODUCTS_DIR)/Flix_Assignment1.app/Flix_Assignment1";
			};
			name = Release;
		};
		C4E265C720207C4600E39B80 /* Debug */ = {
			isa = XCBuildConfiguration;
			baseConfigurationReference = 1667F2FA107DA4F4C6CAE2EB /* Pods-Flix_Assignment1UITests.debug.xcconfig */;
			buildSettings = {
				ALWAYS_EMBED_SWIFT_STANDARD_LIBRARIES = YES;
				CODE_SIGN_STYLE = Automatic;
				DEVELOPMENT_TEAM = 8W5LLV26X4;
				INFOPLIST_FILE = Flix_Assignment1UITests/Info.plist;
				LD_RUNPATH_SEARCH_PATHS = "$(inherited) @executable_path/Frameworks @loader_path/Frameworks";
				PRODUCT_BUNDLE_IDENTIFIER = "mlin.Flix-Assignment1UITests";
				PRODUCT_NAME = "$(TARGET_NAME)";
				SWIFT_VERSION = 4.0;
				TARGETED_DEVICE_FAMILY = "1,2";
				TEST_TARGET_NAME = Flix_Assignment1;
			};
			name = Debug;
		};
		C4E265C820207C4600E39B80 /* Release */ = {
			isa = XCBuildConfiguration;
			baseConfigurationReference = 05BD2C5B46A2EC65FFA0ED61 /* Pods-Flix_Assignment1UITests.release.xcconfig */;
			buildSettings = {
				ALWAYS_EMBED_SWIFT_STANDARD_LIBRARIES = YES;
				CODE_SIGN_STYLE = Automatic;
				DEVELOPMENT_TEAM = 8W5LLV26X4;
				INFOPLIST_FILE = Flix_Assignment1UITests/Info.plist;
				LD_RUNPATH_SEARCH_PATHS = "$(inherited) @executable_path/Frameworks @loader_path/Frameworks";
				PRODUCT_BUNDLE_IDENTIFIER = "mlin.Flix-Assignment1UITests";
				PRODUCT_NAME = "$(TARGET_NAME)";
				SWIFT_VERSION = 4.0;
				TARGETED_DEVICE_FAMILY = "1,2";
				TEST_TARGET_NAME = Flix_Assignment1;
			};
			name = Release;
		};
/* End XCBuildConfiguration section */

/* Begin XCConfigurationList section */
		C4E2659320207C4500E39B80 /* Build configuration list for PBXProject "Flix_Assignment1" */ = {
			isa = XCConfigurationList;
			buildConfigurations = (
				C4E265BE20207C4600E39B80 /* Debug */,
				C4E265BF20207C4600E39B80 /* Release */,
			);
			defaultConfigurationIsVisible = 0;
			defaultConfigurationName = Release;
		};
		C4E265C020207C4600E39B80 /* Build configuration list for PBXNativeTarget "Flix_Assignment1" */ = {
			isa = XCConfigurationList;
			buildConfigurations = (
				C4E265C120207C4600E39B80 /* Debug */,
				C4E265C220207C4600E39B80 /* Release */,
			);
			defaultConfigurationIsVisible = 0;
			defaultConfigurationName = Release;
		};
		C4E265C320207C4600E39B80 /* Build configuration list for PBXNativeTarget "Flix_Assignment1Tests" */ = {
			isa = XCConfigurationList;
			buildConfigurations = (
				C4E265C420207C4600E39B80 /* Debug */,
				C4E265C520207C4600E39B80 /* Release */,
			);
			defaultConfigurationIsVisible = 0;
			defaultConfigurationName = Release;
		};
		C4E265C620207C4600E39B80 /* Build configuration list for PBXNativeTarget "Flix_Assignment1UITests" */ = {
			isa = XCConfigurationList;
			buildConfigurations = (
				C4E265C720207C4600E39B80 /* Debug */,
				C4E265C820207C4600E39B80 /* Release */,
			);
			defaultConfigurationIsVisible = 0;
			defaultConfigurationName = Release;
		};
/* End XCConfigurationList section */
	};
	rootObject = C4E2659020207C4500E39B80 /* Project object */;
}
